// !$*UTF8*$!
{
	archiveVersion = 1;
	classes = {
	};
	objectVersion = 50;
	objects = {

/* Begin PBXBuildFile section */
		21D01129257B4341005BACFA /* AppDelegate.swift in Sources */ = {isa = PBXBuildFile; fileRef = 21D01128257B4341005BACFA /* AppDelegate.swift */; };
		21D0112B257B4341005BACFA /* SceneDelegate.swift in Sources */ = {isa = PBXBuildFile; fileRef = 21D0112A257B4341005BACFA /* SceneDelegate.swift */; };
		21D0112F257B4343005BACFA /* Assets.xcassets in Resources */ = {isa = PBXBuildFile; fileRef = 21D0112E257B4343005BACFA /* Assets.xcassets */; };
		21D01132257B4343005BACFA /* Preview Assets.xcassets in Resources */ = {isa = PBXBuildFile; fileRef = 21D01131257B4343005BACFA /* Preview Assets.xcassets */; };
		21D01135257B4343005BACFA /* LaunchScreen.storyboard in Resources */ = {isa = PBXBuildFile; fileRef = 21D01133257B4343005BACFA /* LaunchScreen.storyboard */; };
		21D0114C257B4382005BACFA /* turtlerock.jpg in Resources */ = {isa = PBXBuildFile; fileRef = 21D0113F257B4381005BACFA /* turtlerock.jpg */; };
		21D0114D257B4382005BACFA /* icybay.jpg in Resources */ = {isa = PBXBuildFile; fileRef = 21D01140257B4381005BACFA /* icybay.jpg */; };
		21D0114E257B4382005BACFA /* twinlake.jpg in Resources */ = {isa = PBXBuildFile; fileRef = 21D01141257B4381005BACFA /* twinlake.jpg */; };
		21D0114F257B4382005BACFA /* hiddenlake.jpg in Resources */ = {isa = PBXBuildFile; fileRef = 21D01142257B4381005BACFA /* hiddenlake.jpg */; };
		21D01150257B4382005BACFA /* landmarkData.json in Resources */ = {isa = PBXBuildFile; fileRef = 21D01143257B4381005BACFA /* landmarkData.json */; };
		21D01151257B4382005BACFA /* umbagog.jpg in Resources */ = {isa = PBXBuildFile; fileRef = 21D01144257B4381005BACFA /* umbagog.jpg */; };
		21D01152257B4382005BACFA /* lakemcdonald.jpg in Resources */ = {isa = PBXBuildFile; fileRef = 21D01145257B4381005BACFA /* lakemcdonald.jpg */; };
		21D01153257B4382005BACFA /* rainbowlake.jpg in Resources */ = {isa = PBXBuildFile; fileRef = 21D01146257B4382005BACFA /* rainbowlake.jpg */; };
		21D01154257B4382005BACFA /* yukon_charleyrivers.jpg in Resources */ = {isa = PBXBuildFile; fileRef = 21D01147257B4382005BACFA /* yukon_charleyrivers.jpg */; };
		21D01155257B4382005BACFA /* chilkoottrail.jpg in Resources */ = {isa = PBXBuildFile; fileRef = 21D01148257B4382005BACFA /* chilkoottrail.jpg */; };
		21D01156257B4382005BACFA /* chincoteague.jpg in Resources */ = {isa = PBXBuildFile; fileRef = 21D01149257B4382005BACFA /* chincoteague.jpg */; };
		21D01157257B4382005BACFA /* stmarylake.jpg in Resources */ = {isa = PBXBuildFile; fileRef = 21D0114A257B4382005BACFA /* stmarylake.jpg */; };
		21D01158257B4382005BACFA /* silversalmoncreek.jpg in Resources */ = {isa = PBXBuildFile; fileRef = 21D0114B257B4382005BACFA /* silversalmoncreek.jpg */; };
		21D0115D257B439C005BACFA /* CircleImage.swift in Sources */ = {isa = PBXBuildFile; fileRef = 21D0115B257B439C005BACFA /* CircleImage.swift */; };
		21D0115E257B439C005BACFA /* MapView.swift in Sources */ = {isa = PBXBuildFile; fileRef = 21D0115C257B439C005BACFA /* MapView.swift */; };
		21D01163257B43A7005BACFA /* Data.swift in Sources */ = {isa = PBXBuildFile; fileRef = 21D01161257B43A7005BACFA /* Data.swift */; };
		21D01164257B43A7005BACFA /* Landmark.swift in Sources */ = {isa = PBXBuildFile; fileRef = 21D01162257B43A7005BACFA /* Landmark.swift */; };
		21D01168257B443B005BACFA /* LandMarkDetail.swift in Sources */ = {isa = PBXBuildFile; fileRef = 21D01167257B443B005BACFA /* LandMarkDetail.swift */; };
		21D0116B257B4632005BACFA /* LandmarkList.swift in Sources */ = {isa = PBXBuildFile; fileRef = 21D0116A257B4632005BACFA /* LandmarkList.swift */; };
		21D01172257B4886005BACFA /* LandmarkRow.swift in Sources */ = {isa = PBXBuildFile; fileRef = 21D01171257B4886005BACFA /* LandmarkRow.swift */; };
/* End PBXBuildFile section */

/* Begin PBXFileReference section */
		21D01125257B4341005BACFA /* Lists&Navigation.app */ = {isa = PBXFileReference; explicitFileType = wrapper.application; includeInIndex = 0; path = "Lists&Navigation.app"; sourceTree = BUILT_PRODUCTS_DIR; };
		21D01128257B4341005BACFA /* AppDelegate.swift */ = {isa = PBXFileReference; lastKnownFileType = sourcecode.swift; path = AppDelegate.swift; sourceTree = "<group>"; };
		21D0112A257B4341005BACFA /* SceneDelegate.swift */ = {isa = PBXFileReference; lastKnownFileType = sourcecode.swift; path = SceneDelegate.swift; sourceTree = "<group>"; };
		21D0112E257B4343005BACFA /* Assets.xcassets */ = {isa = PBXFileReference; lastKnownFileType = folder.assetcatalog; path = Assets.xcassets; sourceTree = "<group>"; };
		21D01131257B4343005BACFA /* Preview Assets.xcassets */ = {isa = PBXFileReference; lastKnownFileType = folder.assetcatalog; path = "Preview Assets.xcassets"; sourceTree = "<group>"; };
		21D01134257B4343005BACFA /* Base */ = {isa = PBXFileReference; lastKnownFileType = file.storyboard; name = Base; path = Base.lproj/LaunchScreen.storyboard; sourceTree = "<group>"; };
		21D01136257B4343005BACFA /* Info.plist */ = {isa = PBXFileReference; lastKnownFileType = text.plist.xml; path = Info.plist; sourceTree = "<group>"; };
		21D0113F257B4381005BACFA /* turtlerock.jpg */ = {isa = PBXFileReference; lastKnownFileType = image.jpeg; path = turtlerock.jpg; sourceTree = "<group>"; };
		21D01140257B4381005BACFA /* icybay.jpg */ = {isa = PBXFileReference; lastKnownFileType = image.jpeg; path = icybay.jpg; sourceTree = "<group>"; };
		21D01141257B4381005BACFA /* twinlake.jpg */ = {isa = PBXFileReference; lastKnownFileType = image.jpeg; path = twinlake.jpg; sourceTree = "<group>"; };
		21D01142257B4381005BACFA /* hiddenlake.jpg */ = {isa = PBXFileReference; lastKnownFileType = image.jpeg; path = hiddenlake.jpg; sourceTree = "<group>"; };
		21D01143257B4381005BACFA /* landmarkData.json */ = {isa = PBXFileReference; fileEncoding = 4; lastKnownFileType = text.json; path = landmarkData.json; sourceTree = "<group>"; };
		21D01144257B4381005BACFA /* umbagog.jpg */ = {isa = PBXFileReference; lastKnownFileType = image.jpeg; path = umbagog.jpg; sourceTree = "<group>"; };
		21D01145257B4381005BACFA /* lakemcdonald.jpg */ = {isa = PBXFileReference; lastKnownFileType = image.jpeg; path = lakemcdonald.jpg; sourceTree = "<group>"; };
		21D01146257B4382005BACFA /* rainbowlake.jpg */ = {isa = PBXFileReference; lastKnownFileType = image.jpeg; path = rainbowlake.jpg; sourceTree = "<group>"; };
		21D01147257B4382005BACFA /* yukon_charleyrivers.jpg */ = {isa = PBXFileReference; lastKnownFileType = image.jpeg; path = yukon_charleyrivers.jpg; sourceTree = "<group>"; };
		21D01148257B4382005BACFA /* chilkoottrail.jpg */ = {isa = PBXFileReference; lastKnownFileType = image.jpeg; path = chilkoottrail.jpg; sourceTree = "<group>"; };
		21D01149257B4382005BACFA /* chincoteague.jpg */ = {isa = PBXFileReference; lastKnownFileType = image.jpeg; path = chincoteague.jpg; sourceTree = "<group>"; };
		21D0114A257B4382005BACFA /* stmarylake.jpg */ = {isa = PBXFileReference; lastKnownFileType = image.jpeg; path = stmarylake.jpg; sourceTree = "<group>"; };
		21D0114B257B4382005BACFA /* silversalmoncreek.jpg */ = {isa = PBXFileReference; lastKnownFileType = image.jpeg; path = silversalmoncreek.jpg; sourceTree = "<group>"; };
		21D0115B257B439C005BACFA /* CircleImage.swift */ = {isa = PBXFileReference; fileEncoding = 4; lastKnownFileType = sourcecode.swift; path = CircleImage.swift; sourceTree = "<group>"; };
		21D0115C257B439C005BACFA /* MapView.swift */ = {isa = PBXFileReference; fileEncoding = 4; lastKnownFileType = sourcecode.swift; path = MapView.swift; sourceTree = "<group>"; };
		21D01161257B43A7005BACFA /* Data.swift */ = {isa = PBXFileReference; fileEncoding = 4; lastKnownFileType = sourcecode.swift; path = Data.swift; sourceTree = "<group>"; };
		21D01162257B43A7005BACFA /* Landmark.swift */ = {isa = PBXFileReference; fileEncoding = 4; lastKnownFileType = sourcecode.swift; path = Landmark.swift; sourceTree = "<group>"; };
		21D01167257B443B005BACFA /* LandMarkDetail.swift */ = {isa = PBXFileReference; lastKnownFileType = sourcecode.swift; path = LandMarkDetail.swift; sourceTree = "<group>"; };
		21D0116A257B4632005BACFA /* LandmarkList.swift */ = {isa = PBXFileReference; lastKnownFileType = sourcecode.swift; path = LandmarkList.swift; sourceTree = "<group>"; };
		21D01171257B4886005BACFA /* LandmarkRow.swift */ = {isa = PBXFileReference; lastKnownFileType = sourcecode.swift; path = LandmarkRow.swift; sourceTree = "<group>"; };
/* End PBXFileReference section */

/* Begin PBXFrameworksBuildPhase section */
		21D01122257B4341005BACFA /* Frameworks */ = {
			isa = PBXFrameworksBuildPhase;
			buildActionMask = 2147483647;
			files = (
			);
			runOnlyForDeploymentPostprocessing = 0;
		};
/* End PBXFrameworksBuildPhase section */

/* Begin PBXGroup section */
		21D0111C257B4341005BACFA = {
			isa = PBXGroup;
			children = (
				21D01127257B4341005BACFA /* Lists&Navigation */,
				21D01126257B4341005BACFA /* Products */,
			);
			sourceTree = "<group>";
		};
		21D01126257B4341005BACFA /* Products */ = {
			isa = PBXGroup;
			children = (
				21D01125257B4341005BACFA /* Lists&Navigation.app */,
			);
			name = Products;
			sourceTree = "<group>";
		};
		21D01127257B4341005BACFA /* Lists&Navigation */ = {
			isa = PBXGroup;
			children = (
				21D01160257B43A1005BACFA /* Models */,
				21D0115A257B438F005BACFA /* SupportingView */,
				21D0113E257B4363005BACFA /* Resources */,
				21D01128257B4341005BACFA /* AppDelegate.swift */,
				21D0112A257B4341005BACFA /* SceneDelegate.swift */,
				21D0112E257B4343005BACFA /* Assets.xcassets */,
				21D01133257B4343005BACFA /* LaunchScreen.storyboard */,
				21D01136257B4343005BACFA /* Info.plist */,
				21D01130257B4343005BACFA /* Preview Content */,
				21D01167257B443B005BACFA /* LandMarkDetail.swift */,
				21D0116A257B4632005BACFA /* LandmarkList.swift */,
				21D01171257B4886005BACFA /* LandmarkRow.swift */,
			);
			path = "Lists&Navigation";
			sourceTree = "<group>";
		};
		21D01130257B4343005BACFA /* Preview Content */ = {
			isa = PBXGroup;
			children = (
				21D01131257B4343005BACFA /* Preview Assets.xcassets */,
			);
			path = "Preview Content";
			sourceTree = "<group>";
		};
		21D0113E257B4363005BACFA /* Resources */ = {
			isa = PBXGroup;
			children = (
				21D01148257B4382005BACFA /* chilkoottrail.jpg */,
				21D01149257B4382005BACFA /* chincoteague.jpg */,
				21D01142257B4381005BACFA /* hiddenlake.jpg */,
				21D01140257B4381005BACFA /* icybay.jpg */,
				21D01145257B4381005BACFA /* lakemcdonald.jpg */,
				21D01143257B4381005BACFA /* landmarkData.json */,
				21D01146257B4382005BACFA /* rainbowlake.jpg */,
				21D0114B257B4382005BACFA /* silversalmoncreek.jpg */,
				21D0114A257B4382005BACFA /* stmarylake.jpg */,
				21D0113F257B4381005BACFA /* turtlerock.jpg */,
				21D01141257B4381005BACFA /* twinlake.jpg */,
				21D01144257B4381005BACFA /* umbagog.jpg */,
				21D01147257B4382005BACFA /* yukon_charleyrivers.jpg */,
			);
			path = Resources;
			sourceTree = "<group>";
		};
		21D0115A257B438F005BACFA /* SupportingView */ = {
			isa = PBXGroup;
			children = (
				21D0115B257B439C005BACFA /* CircleImage.swift */,
				21D0115C257B439C005BACFA /* MapView.swift */,
			);
			path = SupportingView;
			sourceTree = "<group>";
		};
		21D01160257B43A1005BACFA /* Models */ = {
			isa = PBXGroup;
			children = (
				21D01161257B43A7005BACFA /* Data.swift */,
				21D01162257B43A7005BACFA /* Landmark.swift */,
			);
			path = Models;
			sourceTree = "<group>";
		};
/* End PBXGroup section */

/* Begin PBXNativeTarget section */
		21D01124257B4341005BACFA /* Lists&Navigation */ = {
			isa = PBXNativeTarget;
			buildConfigurationList = 21D01139257B4343005BACFA /* Build configuration list for PBXNativeTarget "Lists&Navigation" */;
			buildPhases = (
				21D01121257B4341005BACFA /* Sources */,
				21D01122257B4341005BACFA /* Frameworks */,
				21D01123257B4341005BACFA /* Resources */,
			);
			buildRules = (
			);
			dependencies = (
			);
			name = "Lists&Navigation";
			productName = "Lists&Navigation";
			productReference = 21D01125257B4341005BACFA /* Lists&Navigation.app */;
			productType = "com.apple.product-type.application";
		};
/* End PBXNativeTarget section */

/* Begin PBXProject section */
		21D0111D257B4341005BACFA /* Project object */ = {
			isa = PBXProject;
			attributes = {
				LastSwiftUpdateCheck = 1220;
				LastUpgradeCheck = 1220;
				TargetAttributes = {
					21D01124257B4341005BACFA = {
						CreatedOnToolsVersion = 12.2;
					};
				};
			};
			buildConfigurationList = 21D01120257B4341005BACFA /* Build configuration list for PBXProject "Lists&Navigation" */;
			compatibilityVersion = "Xcode 9.3";
			developmentRegion = en;
			hasScannedForEncodings = 0;
			knownRegions = (
				en,
				Base,
			);
			mainGroup = 21D0111C257B4341005BACFA;
			productRefGroup = 21D01126257B4341005BACFA /* Products */;
			projectDirPath = "";
			projectRoot = "";
			targets = (
				21D01124257B4341005BACFA /* Lists&Navigation */,
			);
		};
/* End PBXProject section */

/* Begin PBXResourcesBuildPhase section */
		21D01123257B4341005BACFA /* Resources */ = {
			isa = PBXResourcesBuildPhase;
			buildActionMask = 2147483647;
			files = (
				21D01153257B4382005BACFA /* rainbowlake.jpg in Resources */,
				21D0114E257B4382005BACFA /* twinlake.jpg in Resources */,
				21D0114C257B4382005BACFA /* turtlerock.jpg in Resources */,
				21D01135257B4343005BACFA /* LaunchScreen.storyboard in Resources */,
				21D01132257B4343005BACFA /* Preview Assets.xcassets in Resources */,
				21D0114D257B4382005BACFA /* icybay.jpg in Resources */,
				21D01157257B4382005BACFA /* stmarylake.jpg in Resources */,
				21D01155257B4382005BACFA /* chilkoottrail.jpg in Resources */,
				21D01150257B4382005BACFA /* landmarkData.json in Resources */,
				21D01152257B4382005BACFA /* lakemcdonald.jpg in Resources */,
				21D01151257B4382005BACFA /* umbagog.jpg in Resources */,
				21D01156257B4382005BACFA /* chincoteague.jpg in Resources */,
				21D0112F257B4343005BACFA /* Assets.xcassets in Resources */,
				21D01158257B4382005BACFA /* silversalmoncreek.jpg in Resources */,
				21D01154257B4382005BACFA /* yukon_charleyrivers.jpg in Resources */,
				21D0114F257B4382005BACFA /* hiddenlake.jpg in Resources */,
			);
			runOnlyForDeploymentPostprocessing = 0;
		};
/* End PBXResourcesBuildPhase section */

/* Begin PBXSourcesBuildPhase section */
		21D01121257B4341005BACFA /* Sources */ = {
			isa = PBXSourcesBuildPhase;
			buildActionMask = 2147483647;
			files = (
				21D01164257B43A7005BACFA /* Landmark.swift in Sources */,
				21D01129257B4341005BACFA /* AppDelegate.swift in Sources */,
				21D01163257B43A7005BACFA /* Data.swift in Sources */,
				21D0116B257B4632005BACFA /* LandmarkList.swift in Sources */,
				21D01168257B443B005BACFA /* LandMarkDetail.swift in Sources */,
				21D0115D257B439C005BACFA /* CircleImage.swift in Sources */,
				21D0115E257B439C005BACFA /* MapView.swift in Sources */,
				21D0112B257B4341005BACFA /* SceneDelegate.swift in Sources */,
				21D01172257B4886005BACFA /* LandmarkRow.swift in Sources */,
			);
			runOnlyForDeploymentPostprocessing = 0;
		};
/* End PBXSourcesBuildPhase section */

/* Begin PBXVariantGroup section */
		21D01133257B4343005BACFA /* LaunchScreen.storyboard */ = {
			isa = PBXVariantGroup;
			children = (
				21D01134257B4343005BACFA /* Base */,
			);
			name = LaunchScreen.storyboard;
			sourceTree = "<group>";
		};
/* End PBXVariantGroup section */

/* Begin XCBuildConfiguration section */
		21D01137257B4343005BACFA /* Debug */ = {
			isa = XCBuildConfiguration;
			buildSettings = {
				ALWAYS_SEARCH_USER_PATHS = NO;
				CLANG_ANALYZER_NONNULL = YES;
				CLANG_ANALYZER_NUMBER_OBJECT_CONVERSION = YES_AGGRESSIVE;
				CLANG_CXX_LANGUAGE_STANDARD = "gnu++14";
				CLANG_CXX_LIBRARY = "libc++";
				CLANG_ENABLE_MODULES = YES;
				CLANG_ENABLE_OBJC_ARC = YES;
				CLANG_ENABLE_OBJC_WEAK = YES;
				CLANG_WARN_BLOCK_CAPTURE_AUTORELEASING = YES;
				CLANG_WARN_BOOL_CONVERSION = YES;
				CLANG_WARN_COMMA = YES;
				CLANG_WARN_CONSTANT_CONVERSION = YES;
				CLANG_WARN_DEPRECATED_OBJC_IMPLEMENTATIONS = YES;
				CLANG_WARN_DIRECT_OBJC_ISA_USAGE = YES_ERROR;
				CLANG_WARN_DOCUMENTATION_COMMENTS = YES;
				CLANG_WARN_EMPTY_BODY = YES;
				CLANG_WARN_ENUM_CONVERSION = YES;
				CLANG_WARN_INFINITE_RECURSION = YES;
				CLANG_WARN_INT_CONVERSION = YES;
				CLANG_WARN_NON_LITERAL_NULL_CONVERSION = YES;
				CLANG_WARN_OBJC_IMPLICIT_RETAIN_SELF = YES;
				CLANG_WARN_OBJC_LITERAL_CONVERSION = YES;
				CLANG_WARN_OBJC_ROOT_CLASS = YES_ERROR;
				CLANG_WARN_QUOTED_INCLUDE_IN_FRAMEWORK_HEADER = YES;
				CLANG_WARN_RANGE_LOOP_ANALYSIS = YES;
				CLANG_WARN_STRICT_PROTOTYPES = YES;
				CLANG_WARN_SUSPICIOUS_MOVE = YES;
				CLANG_WARN_UNGUARDED_AVAILABILITY = YES_AGGRESSIVE;
				CLANG_WARN_UNREACHABLE_CODE = YES;
				CLANG_WARN__DUPLICATE_METHOD_MATCH = YES;
				COPY_PHASE_STRIP = NO;
				DEBUG_INFORMATION_FORMAT = dwarf;
				ENABLE_STRICT_OBJC_MSGSEND = YES;
				ENABLE_TESTABILITY = YES;
				GCC_C_LANGUAGE_STANDARD = gnu11;
				GCC_DYNAMIC_NO_PIC = NO;
				GCC_NO_COMMON_BLOCKS = YES;
				GCC_OPTIMIZATION_LEVEL = 0;
				GCC_PREPROCESSOR_DEFINITIONS = (
					"DEBUG=1",
					"$(inherited)",
				);
				GCC_WARN_64_TO_32_BIT_CONVERSION = YES;
				GCC_WARN_ABOUT_RETURN_TYPE = YES_ERROR;
				GCC_WARN_UNDECLARED_SELECTOR = YES;
				GCC_WARN_UNINITIALIZED_AUTOS = YES_AGGRESSIVE;
				GCC_WARN_UNUSED_FUNCTION = YES;
				GCC_WARN_UNUSED_VARIABLE = YES;
				IPHONEOS_DEPLOYMENT_TARGET = 14.2;
				MTL_ENABLE_DEBUG_INFO = INCLUDE_SOURCE;
				MTL_FAST_MATH = YES;
				ONLY_ACTIVE_ARCH = YES;
				SDKROOT = iphoneos;
				SWIFT_ACTIVE_COMPILATION_CONDITIONS = DEBUG;
				SWIFT_OPTIMIZATION_LEVEL = "-Onone";
			};
			name = Debug;
		};
		21D01138257B4343005BACFA /* Release */ = {
			isa = XCBuildConfiguration;
			buildSettings = {
				ALWAYS_SEARCH_USER_PATHS = NO;
				CLANG_ANALYZER_NONNULL = YES;
				CLANG_ANALYZER_NUMBER_OBJECT_CONVERSION = YES_AGGRESSIVE;
				CLANG_CXX_LANGUAGE_STANDARD = "gnu++14";
				CLANG_CXX_LIBRARY = "libc++";
				CLANG_ENABLE_MODULES = YES;
				CLANG_ENABLE_OBJC_ARC = YES;
				CLANG_ENABLE_OBJC_WEAK = YES;
				CLANG_WARN_BLOCK_CAPTURE_AUTORELEASING = YES;
				CLANG_WARN_BOOL_CONVERSION = YES;
				CLANG_WARN_COMMA = YES;
				CLANG_WARN_CONSTANT_CONVERSION = YES;
				CLANG_WARN_DEPRECATED_OBJC_IMPLEMENTATIONS = YES;
				CLANG_WARN_DIRECT_OBJC_ISA_USAGE = YES_ERROR;
				CLANG_WARN_DOCUMENTATION_COMMENTS = YES;
				CLANG_WARN_EMPTY_BODY = YES;
				CLANG_WARN_ENUM_CONVERSION = YES;
				CLANG_WARN_INFINITE_RECURSION = YES;
				CLANG_WARN_INT_CONVERSION = YES;
				CLANG_WARN_NON_LITERAL_NULL_CONVERSION = YES;
				CLANG_WARN_OBJC_IMPLICIT_RETAIN_SELF = YES;
				CLANG_WARN_OBJC_LITERAL_CONVERSION = YES;
				CLANG_WARN_OBJC_ROOT_CLASS = YES_ERROR;
				CLANG_WARN_QUOTED_INCLUDE_IN_FRAMEWORK_HEADER = YES;
				CLANG_WARN_RANGE_LOOP_ANALYSIS = YES;
				CLANG_WARN_STRICT_PROTOTYPES = YES;
				CLANG_WARN_SUSPICIOUS_MOVE = YES;
				CLANG_WARN_UNGUARDED_AVAILABILITY = YES_AGGRESSIVE;
				CLANG_WARN_UNREACHABLE_CODE = YES;
				CLANG_WARN__DUPLICATE_METHOD_MATCH = YES;
				COPY_PHASE_STRIP = NO;
				DEBUG_INFORMATION_FORMAT = "dwarf-with-dsym";
				ENABLE_NS_ASSERTIONS = NO;
				ENABLE_STRICT_OBJC_MSGSEND = YES;
				GCC_C_LANGUAGE_STANDARD = gnu11;
				GCC_NO_COMMON_BLOCKS = YES;
				GCC_WARN_64_TO_32_BIT_CONVERSION = YES;
				GCC_WARN_ABOUT_RETURN_TYPE = YES_ERROR;
				GCC_WARN_UNDECLARED_SELECTOR = YES;
				GCC_WARN_UNINITIALIZED_AUTOS = YES_AGGRESSIVE;
				GCC_WARN_UNUSED_FUNCTION = YES;
				GCC_WARN_UNUSED_VARIABLE = YES;
				IPHONEOS_DEPLOYMENT_TARGET = 14.2;
				MTL_ENABLE_DEBUG_INFO = NO;
				MTL_FAST_MATH = YES;
				SDKROOT = iphoneos;
				SWIFT_COMPILATION_MODE = wholemodule;
				SWIFT_OPTIMIZATION_LEVEL = "-O";
				VALIDATE_PRODUCT = YES;
			};
			name = Release;
		};
		21D0113A257B4343005BACFA /* Debug */ = {
			isa = XCBuildConfiguration;
			buildSettings = {
				ASSETCATALOG_COMPILER_APPICON_NAME = AppIcon;
				ASSETCATALOG_COMPILER_GLOBAL_ACCENT_COLOR_NAME = AccentColor;
				CODE_SIGN_STYLE = Automatic;
				DEVELOPMENT_ASSET_PATHS = "\"Lists&Navigation/Preview Content\"";
				DEVELOPMENT_TEAM = AU24ZRJ649;
				ENABLE_PREVIEWS = YES;
				INFOPLIST_FILE = "Lists&Navigation/Info.plist";
				LD_RUNPATH_SEARCH_PATHS = (
					"$(inherited)",
					"@executable_path/Frameworks",
				);
				PRODUCT_BUNDLE_IDENTIFIER = "minjae.Lists-Navigation";
				PRODUCT_NAME = "$(TARGET_NAME)";
				SWIFT_VERSION = 5.0;
				TARGETED_DEVICE_FAMILY = "1,2";
			};
			name = Debug;
		};
		21D0113B257B4343005BACFA /* Release */ = {
			isa = XCBuildConfiguration;
			buildSettings = {
				ASSETCATALOG_COMPILER_APPICON_NAME = AppIcon;
				ASSETCATALOG_COMPILER_GLOBAL_ACCENT_COLOR_NAME = AccentColor;
				CODE_SIGN_STYLE = Automatic;
				DEVELOPMENT_ASSET_PATHS = "\"Lists&Navigation/Preview Content\"";
				DEVELOPMENT_TEAM = AU24ZRJ649;
				ENABLE_PREVIEWS = YES;
				INFOPLIST_FILE = "Lists&Navigation/Info.plist";
				LD_RUNPATH_SEARCH_PATHS = (
					"$(inherited)",
					"@executable_path/Frameworks",
				);
				PRODUCT_BUNDLE_IDENTIFIER = "minjae.Lists-Navigation";
				PRODUCT_NAME = "$(TARGET_NAME)";
				SWIFT_VERSION = 5.0;
				TARGETED_DEVICE_FAMILY = "1,2";
			};
			name = Release;
		};
/* End XCBuildConfiguration section */

/* Begin XCConfigurationList section */
		21D01120257B4341005BACFA /* Build configuration list for PBXProject "Lists&Navigation" */ = {
			isa = XCConfigurationList;
			buildConfigurations = (
				21D01137257B4343005BACFA /* Debug */,
				21D01138257B4343005BACFA /* Release */,
			);
			defaultConfigurationIsVisible = 0;
			defaultConfigurationName = Release;
		};
		21D01139257B4343005BACFA /* Build configuration list for PBXNativeTarget "Lists&Navigation" */ = {
			isa = XCConfigurationList;
			buildConfigurations = (
				21D0113A257B4343005BACFA /* Debug */,
				21D0113B257B4343005BACFA /* Release */,
			);
			defaultConfigurationIsVisible = 0;
			defaultConfigurationName = Release;
		};
/* End XCConfigurationList section */
	};
	rootObject = 21D0111D257B4341005BACFA /* Project object */;
}
